{
	"name": "@rbxts/zycore",
	"version": "2.7.2",
	"lockfileVersion": 2,
	"requires": true,
	"packages": {
		"": {
			"name": "@rbxts/zycore",
			"version": "2.7.2",
			"license": "MIT",
			"dependencies": {
				"@rbxts/altmake": "^0.1.5",
				"@rbxts/bin": "^1.2.6",
				"@rbxts/ping": "^2.3.5",
				"@rbxts/t": "^3.0.0"
			},
			"devDependencies": {
				"@rbxts/compiler-types": "^1.2.7-types.0",
				"@rbxts/inspect": "^1.0.1",
				"@rbxts/services": "^1.2.0",
				"@rbxts/testez": "^0.3.1-ts.7",
				"@rbxts/types": "^1.0.551"
			}
		},
		"node_modules/@rbxts/altmake": {
			"version": "0.1.5",
			"resolved": "https://registry.npmjs.org/@rbxts/altmake/-/altmake-0.1.5.tgz",
			"integrity": "sha512-hUgwB5BciLTbXIet98nPZcXugrsFjGuJojMQF0kHX/jqqOdNc15zllTOyzk7FUuOQAg+ECjVw/hERfM/VZe5Tw=="
		},
		"node_modules/@rbxts/bin": {
			"version": "1.2.6",
			"resolved": "https://registry.npmjs.org/@rbxts/bin/-/bin-1.2.6.tgz",
			"integrity": "sha512-DW8PIxD60r9tRtWG/lVFr6qssnBSwuk+JtU4MufzwwHKftgUfAPRqJHqY09Z7BPrZ1GsN3Ev8Q2Sg+BhIiu1nA=="
		},
		"node_modules/@rbxts/compiler-types": {
			"version": "1.2.7-types.1",
			"resolved": "https://registry.npmjs.org/@rbxts/compiler-types/-/compiler-types-1.2.7-types.1.tgz",
			"integrity": "sha512-zr3QIJDgLN2dyPYSy4QwDRiZDm8BwQeUE8tsglPDgbVLJonaK7+PAqb1hoqZJ3ReQdZUElSKru9yAfI1Z0MOug==",
			"dev": true,
			"license": "MIT"
		},
		"node_modules/@rbxts/inspect": {
			"version": "1.0.1",
			"resolved": "https://registry.npmjs.org/@rbxts/inspect/-/inspect-1.0.1.tgz",
			"integrity": "sha512-O+fbpjl0iKWfVSILrgBRoZcCUzYSbRIOrgW8RrLWNBLFzoxIBu9uydx4RavYgT2RsmRm5zK2aM3MakEZ2z+jlQ==",
			"dev": true
		},
		"node_modules/@rbxts/ping": {
			"version": "2.3.5",
			"resolved": "https://registry.npmjs.org/@rbxts/ping/-/ping-2.3.5.tgz",
			"integrity": "sha512-gLV8XR3vlQf5R0WFfErI9SmqTOvxr1oH2MlBexQsei9LzyN0kH4dfPuoo1a6LQlPl7MS3vY2eROVPdJkmrSgPg=="
		},
		"node_modules/@rbxts/services": {
			"version": "1.2.0",
			"resolved": "https://registry.npmjs.org/@rbxts/services/-/services-1.2.0.tgz",
			"integrity": "sha512-GEnAGgRz/oFEfBCjr+UChO7D49c/l+Wgr2OHMkURBKbVAqGg7hVQbEs9PUr+9BuVx/8OlsqZ/cvrUYbwAyd60A==",
			"dev": true,
			"license": "ISC"
		},
		"node_modules/@rbxts/t": {
			"version": "3.0.0",
			"resolved": "https://registry.npmjs.org/@rbxts/t/-/t-3.0.0.tgz",
			"integrity": "sha512-+nrmxT39AdJQ9KZXBNBehRnTEhVQo7L1Vapz521u9WHqCs5ZWR1oZmkNW5gmDCAp5LUpXNgC9oF3Oc2sDxiEaQ=="
		},
		"node_modules/@rbxts/testez": {
			"version": "0.3.1-ts.7",
			"resolved": "https://registry.npmjs.org/@rbxts/testez/-/testez-0.3.1-ts.7.tgz",
			"integrity": "sha512-DkIlRFdMODHjJPEYJT/cPYv2ZQzSqAufF4XAsqrx7zFg8OVAkSHY5aGChGoPNrZo0PM4zz9bw46ZIVqLfcM05Q==",
			"dev": true,
			"license": "Apache 2.0"
		},
		"node_modules/@rbxts/types": {
			"version": "1.0.557",
			"resolved": "https://registry.npmjs.org/@rbxts/types/-/types-1.0.557.tgz",
			"integrity": "sha512-bulbMtqvv8z7zSs1rm+4MqapmJ/I5SNNmEhi487m0AO50h+KpmBN025tGGhW4Im16YhhiKYdE/c8w5Xg6WExhg==",
			"dev": true,
			"license": "MIT"
		}
	},
	"dependencies": {
		"@rbxts/altmake": {
			"version": "0.1.5",
			"resolved": "https://registry.npmjs.org/@rbxts/altmake/-/altmake-0.1.5.tgz",
			"integrity": "sha512-hUgwB5BciLTbXIet98nPZcXugrsFjGuJojMQF0kHX/jqqOdNc15zllTOyzk7FUuOQAg+ECjVw/hERfM/VZe5Tw=="
		},
		"@rbxts/bin": {
			"version": "1.2.6",
			"resolved": "https://registry.npmjs.org/@rbxts/bin/-/bin-1.2.6.tgz",
			"integrity": "sha512-DW8PIxD60r9tRtWG/lVFr6qssnBSwuk+JtU4MufzwwHKftgUfAPRqJHqY09Z7BPrZ1GsN3Ev8Q2Sg+BhIiu1nA=="
		},
		"@rbxts/compiler-types": {
			"version": "1.2.7-types.1",
			"resolved": "https://registry.npmjs.org/@rbxts/compiler-types/-/compiler-types-1.2.7-types.1.tgz",
			"integrity": "sha512-zr3QIJDgLN2dyPYSy4QwDRiZDm8BwQeUE8tsglPDgbVLJonaK7+PAqb1hoqZJ3ReQdZUElSKru9yAfI1Z0MOug==",
			"dev": true
		},
		"@rbxts/inspect": {
			"version": "1.0.1",
			"resolved": "https://registry.npmjs.org/@rbxts/inspect/-/inspect-1.0.1.tgz",
			"integrity": "sha512-O+fbpjl0iKWfVSILrgBRoZcCUzYSbRIOrgW8RrLWNBLFzoxIBu9uydx4RavYgT2RsmRm5zK2aM3MakEZ2z+jlQ==",
			"dev": true
		},
		"@rbxts/ping": {
			"version": "2.3.5",
			"resolved": "https://registry.npmjs.org/@rbxts/ping/-/ping-2.3.5.tgz",
			"integrity": "sha512-gLV8XR3vlQf5R0WFfErI9SmqTOvxr1oH2MlBexQsei9LzyN0kH4dfPuoo1a6LQlPl7MS3vY2eROVPdJkmrSgPg=="
		},
		"@rbxts/services": {
			"version": "1.2.0",
			"resolved": "https://registry.npmjs.org/@rbxts/services/-/services-1.2.0.tgz",
			"integrity": "sha512-GEnAGgRz/oFEfBCjr+UChO7D49c/l+Wgr2OHMkURBKbVAqGg7hVQbEs9PUr+9BuVx/8OlsqZ/cvrUYbwAyd60A==",
			"dev": true
		},
		"@rbxts/t": {
			"version": "3.0.0",
			"resolved": "https://registry.npmjs.org/@rbxts/t/-/t-3.0.0.tgz",
			"integrity": "sha512-+nrmxT39AdJQ9KZXBNBehRnTEhVQo7L1Vapz521u9WHqCs5ZWR1oZmkNW5gmDCAp5LUpXNgC9oF3Oc2sDxiEaQ=="
		},
		"@rbxts/testez": {
			"version": "0.3.1-ts.7",
			"resolved": "https://registry.npmjs.org/@rbxts/testez/-/testez-0.3.1-ts.7.tgz",
			"integrity": "sha512-DkIlRFdMODHjJPEYJT/cPYv2ZQzSqAufF4XAsqrx7zFg8OVAkSHY5aGChGoPNrZo0PM4zz9bw46ZIVqLfcM05Q==",
			"dev": true
		},
		"@rbxts/types": {
			"version": "1.0.557",
			"resolved": "https://registry.npmjs.org/@rbxts/types/-/types-1.0.557.tgz",
			"integrity": "sha512-bulbMtqvv8z7zSs1rm+4MqapmJ/I5SNNmEhi487m0AO50h+KpmBN025tGGhW4Im16YhhiKYdE/c8w5Xg6WExhg==",
			"dev": true
		}
	}
}
