# THIS IS AN AUTOGENERATED FILE. DO NOT EDIT THIS FILE DIRECTLY.
# yarn lockfile v1


"@rbxts/compiler-types@^1.2.7-types.0":
  version "1.2.7-types.1"
  resolved "https://registry.yarnpkg.com/@rbxts/compiler-types/-/compiler-types-1.2.7-types.1.tgz#35986d7b7d05621612b20ec0c42f63b4a1de8749"
  integrity sha512-zr3QIJDgLN2dyPYSy4QwDRiZDm8BwQeUE8tsglPDgbVLJonaK7+PAqb1hoqZJ3ReQdZUElSKru9yAfI1Z0MOug==

"@rbxts/types@^1.0.551":
  version "1.0.557"
  resolved "https://registry.yarnpkg.com/@rbxts/types/-/types-1.0.557.tgz#a97d90533f2a00044d31257adbeb3d647213583a"
  integrity sha512-bulbMtqvv8z7zSs1rm+4MqapmJ/I5SNNmEhi487m0AO50h+KpmBN025tGGhW4Im16YhhiKYdE/c8w5Xg6WExhg==
